// !$*UTF8*$!
{
	archiveVersion = 1;
	classes = {
	};
	objectVersion = 56;
	objects = {

/* Begin PBXBuildFile section */
		A0483FED2A6B0E250009DE40 /* descriptions.swift in Sources */ = {isa = PBXBuildFile; fileRef = A0483FEC2A6B0E250009DE40 /* descriptions.swift */; };
		A0ABB8EB2A6AD553007E8B31 /* PostCardsApp.swift in Sources */ = {isa = PBXBuildFile; fileRef = A0ABB8EA2A6AD553007E8B31 /* PostCardsApp.swift */; };
		A0ABB8ED2A6AD553007E8B31 /* ContentView.swift in Sources */ = {isa = PBXBuildFile; fileRef = A0ABB8EC2A6AD553007E8B31 /* ContentView.swift */; };
		A0ABB8EF2A6AD556007E8B31 /* Assets.xcassets in Resources */ = {isa = PBXBuildFile; fileRef = A0ABB8EE2A6AD556007E8B31 /* Assets.xcassets */; };
		A0ABB8F22A6AD556007E8B31 /* Preview Assets.xcassets in Resources */ = {isa = PBXBuildFile; fileRef = A0ABB8F12A6AD556007E8B31 /* Preview Assets.xcassets */; };
		A0ABB8FE2A6AE164007E8B31 /* postcard.json in Resources */ = {isa = PBXBuildFile; fileRef = A0ABB8FD2A6AE164007E8B31 /* postcard.json */; };
		A0ABB9002A6AF7B7007E8B31 /* cards.swift in Sources */ = {isa = PBXBuildFile; fileRef = A0ABB8FF2A6AF7B7007E8B31 /* cards.swift */; };
		A0ABB9022A6AF7F3007E8B31 /* CardModel.swift in Sources */ = {isa = PBXBuildFile; fileRef = A0ABB9012A6AF7F3007E8B31 /* CardModel.swift */; };
		A0ABB9042A6AF84E007E8B31 /* DataService.swift in Sources */ = {isa = PBXBuildFile; fileRef = A0ABB9032A6AF84E007E8B31 /* DataService.swift */; };
/* End PBXBuildFile section */

/* Begin PBXFileReference section */
		A0483FEC2A6B0E250009DE40 /* descriptions.swift */ = {isa = PBXFileReference; lastKnownFileType = sourcecode.swift; path = descriptions.swift; sourceTree = "<group>"; };
		A0ABB8E72A6AD553007E8B31 /* PostCards.app */ = {isa = PBXFileReference; explicitFileType = wrapper.application; includeInIndex = 0; path = PostCards.app; sourceTree = BUILT_PRODUCTS_DIR; };
		A0ABB8EA2A6AD553007E8B31 /* PostCardsApp.swift */ = {isa = PBXFileReference; lastKnownFileType = sourcecode.swift; path = PostCardsApp.swift; sourceTree = "<group>"; };
		A0ABB8EC2A6AD553007E8B31 /* ContentView.swift */ = {isa = PBXFileReference; lastKnownFileType = sourcecode.swift; path = ContentView.swift; sourceTree = "<group>"; };
		A0ABB8EE2A6AD556007E8B31 /* Assets.xcassets */ = {isa = PBXFileReference; lastKnownFileType = folder.assetcatalog; path = Assets.xcassets; sourceTree = "<group>"; };
		A0ABB8F12A6AD556007E8B31 /* Preview Assets.xcassets */ = {isa = PBXFileReference; lastKnownFileType = folder.assetcatalog; path = "Preview Assets.xcassets"; sourceTree = "<group>"; };
		A0ABB8FD2A6AE164007E8B31 /* postcard.json */ = {isa = PBXFileReference; lastKnownFileType = text.json; path = postcard.json; sourceTree = "<group>"; };
		A0ABB8FF2A6AF7B7007E8B31 /* cards.swift */ = {isa = PBXFileReference; lastKnownFileType = sourcecode.swift; path = cards.swift; sourceTree = "<group>"; };
		A0ABB9012A6AF7F3007E8B31 /* CardModel.swift */ = {isa = PBXFileReference; lastKnownFileType = sourcecode.swift; path = CardModel.swift; sourceTree = "<group>"; };
		A0ABB9032A6AF84E007E8B31 /* DataService.swift */ = {isa = PBXFileReference; lastKnownFileType = sourcecode.swift; path = DataService.swift; sourceTree = "<group>"; };
/* End PBXFileReference section */

/* Begin PBXFrameworksBuildPhase section */
		A0ABB8E42A6AD553007E8B31 /* Frameworks */ = {
			isa = PBXFrameworksBuildPhase;
			buildActionMask = 2147483647;
			files = (
			);
			runOnlyForDeploymentPostprocessing = 0;
		};
/* End PBXFrameworksBuildPhase section */

/* Begin PBXGroup section */
		A0ABB8DE2A6AD553007E8B31 = {
			isa = PBXGroup;
			children = (
				A0ABB8E92A6AD553007E8B31 /* PostCards */,
				A0ABB8E82A6AD553007E8B31 /* Products */,
			);
			sourceTree = "<group>";
		};
		A0ABB8E82A6AD553007E8B31 /* Products */ = {
			isa = PBXGroup;
			children = (
				A0ABB8E72A6AD553007E8B31 /* PostCards.app */,
			);
			name = Products;
			sourceTree = "<group>";
		};
		A0ABB8E92A6AD553007E8B31 /* PostCards */ = {
			isa = PBXGroup;
			children = (
				A0ABB8FC2A6AD58C007E8B31 /* Services */,
				A0ABB8FB2A6AD584007E8B31 /* Data */,
				A0ABB8FA2A6AD57C007E8B31 /* ViewModel */,
				A0ABB8F92A6AD574007E8B31 /* Model */,
				A0ABB8F82A6AD56A007E8B31 /* Views */,
				A0ABB8EA2A6AD553007E8B31 /* PostCardsApp.swift */,
				A0ABB8EE2A6AD556007E8B31 /* Assets.xcassets */,
				A0ABB8F02A6AD556007E8B31 /* Preview Content */,
			);
			path = PostCards;
			sourceTree = "<group>";
		};
		A0ABB8F02A6AD556007E8B31 /* Preview Content */ = {
			isa = PBXGroup;
			children = (
				A0ABB8F12A6AD556007E8B31 /* Preview Assets.xcassets */,
			);
			path = "Preview Content";
			sourceTree = "<group>";
		};
		A0ABB8F82A6AD56A007E8B31 /* Views */ = {
			isa = PBXGroup;
			children = (
				A0ABB8EC2A6AD553007E8B31 /* ContentView.swift */,
				A0483FEC2A6B0E250009DE40 /* descriptions.swift */,
			);
			path = Views;
			sourceTree = "<group>";
		};
		A0ABB8F92A6AD574007E8B31 /* Model */ = {
			isa = PBXGroup;
			children = (
				A0ABB8FF2A6AF7B7007E8B31 /* cards.swift */,
			);
			path = Model;
			sourceTree = "<group>";
		};
		A0ABB8FA2A6AD57C007E8B31 /* ViewModel */ = {
			isa = PBXGroup;
			children = (
				A0ABB9012A6AF7F3007E8B31 /* CardModel.swift */,
			);
			path = ViewModel;
			sourceTree = "<group>";
		};
		A0ABB8FB2A6AD584007E8B31 /* Data */ = {
			isa = PBXGroup;
			children = (
				A0ABB8FD2A6AE164007E8B31 /* postcard.json */,
			);
			path = Data;
			sourceTree = "<group>";
		};
		A0ABB8FC2A6AD58C007E8B31 /* Services */ = {
			isa = PBXGroup;
			children = (
				A0ABB9032A6AF84E007E8B31 /* DataService.swift */,
			);
			path = Services;
			sourceTree = "<group>";
		};
/* End PBXGroup section */

/* Begin PBXNativeTarget section */
		A0ABB8E62A6AD553007E8B31 /* PostCards */ = {
			isa = PBXNativeTarget;
			buildConfigurationList = A0ABB8F52A6AD556007E8B31 /* Build configuration list for PBXNativeTarget "PostCards" */;
			buildPhases = (
				A0ABB8E32A6AD553007E8B31 /* Sources */,
				A0ABB8E42A6AD553007E8B31 /* Frameworks */,
				A0ABB8E52A6AD553007E8B31 /* Resources */,
			);
			buildRules = (
			);
			dependencies = (
			);
			name = PostCards;
			productName = PostCards;
			productReference = A0ABB8E72A6AD553007E8B31 /* PostCards.app */;
			productType = "com.apple.product-type.application";
		};
/* End PBXNativeTarget section */

/* Begin PBXProject section */
		A0ABB8DF2A6AD553007E8B31 /* Project object */ = {
			isa = PBXProject;
			attributes = {
				BuildIndependentTargetsInParallel = 1;
				LastSwiftUpdateCheck = 1430;
				LastUpgradeCheck = 1430;
				TargetAttributes = {
					A0ABB8E62A6AD553007E8B31 = {
						CreatedOnToolsVersion = 14.3.1;
					};
				};
			};
			buildConfigurationList = A0ABB8E22A6AD553007E8B31 /* Build configuration list for PBXProject "PostCards" */;
			compatibilityVersion = "Xcode 14.0";
			developmentRegion = en;
			hasScannedForEncodings = 0;
			knownRegions = (
				en,
				Base,
			);
			mainGroup = A0ABB8DE2A6AD553007E8B31;
			productRefGroup = A0ABB8E82A6AD553007E8B31 /* Products */;
			projectDirPath = "";
			projectRoot = "";
			targets = (
				A0ABB8E62A6AD553007E8B31 /* PostCards */,
			);
		};
/* End PBXProject section */

/* Begin PBXResourcesBuildPhase section */
		A0ABB8E52A6AD553007E8B31 /* Resources */ = {
			isa = PBXResourcesBuildPhase;
			buildActionMask = 2147483647;
			files = (
				A0ABB8FE2A6AE164007E8B31 /* postcard.json in Resources */,
				A0ABB8F22A6AD556007E8B31 /* Preview Assets.xcassets in Resources */,
				A0ABB8EF2A6AD556007E8B31 /* Assets.xcassets in Resources */,
			);
			runOnlyForDeploymentPostprocessing = 0;
		};
/* End PBXResourcesBuildPhase section */

/* Begin PBXSourcesBuildPhase section */
		A0ABB8E32A6AD553007E8B31 /* Sources */ = {
			isa = PBXSourcesBuildPhase;
			buildActionMask = 2147483647;
			files = (
				A0483FED2A6B0E250009DE40 /* descriptions.swift in Sources */,
				A0ABB9002A6AF7B7007E8B31 /* cards.swift in Sources */,
				A0ABB9022A6AF7F3007E8B31 /* CardModel.swift in Sources */,
				A0ABB8ED2A6AD553007E8B31 /* ContentView.swift in Sources */,
				A0ABB8EB2A6AD553007E8B31 /* PostCardsApp.swift in Sources */,
				A0ABB9042A6AF84E007E8B31 /* DataService.swift in Sources */,
			);
			runOnlyForDeploymentPostprocessing = 0;
		};
/* End PBXSourcesBuildPhase section */

/* Begin XCBuildConfiguration section */
		A0ABB8F32A6AD556007E8B31 /* Debug */ = {
			isa = XCBuildConfiguration;
			buildSettings = {
				ALWAYS_SEARCH_USER_PATHS = NO;
				CLANG_ANALYZER_NONNULL = YES;
				CLANG_ANALYZER_NUMBER_OBJECT_CONVERSION = YES_AGGRESSIVE;
				CLANG_CXX_LANGUAGE_STANDARD = "gnu++20";
				CLANG_ENABLE_MODULES = YES;
				CLANG_ENABLE_OBJC_ARC = YES;
				CLANG_ENABLE_OBJC_WEAK = YES;
				CLANG_WARN_BLOCK_CAPTURE_AUTORELEASING = YES;
				CLANG_WARN_BOOL_CONVERSION = YES;
				CLANG_WARN_COMMA = YES;
				CLANG_WARN_CONSTANT_CONVERSION = YES;
				CLANG_WARN_DEPRECATED_OBJC_IMPLEMENTATIONS = YES;
				CLANG_WARN_DIRECT_OBJC_ISA_USAGE = YES_ERROR;
				CLANG_WARN_DOCUMENTATION_COMMENTS = YES;
				CLANG_WARN_EMPTY_BODY = YES;
				CLANG_WARN_ENUM_CONVERSION = YES;
				CLANG_WARN_INFINITE_RECURSION = YES;
				CLANG_WARN_INT_CONVERSION = YES;
				CLANG_WARN_NON_LITERAL_NULL_CONVERSION = YES;
				CLANG_WARN_OBJC_IMPLICIT_RETAIN_SELF = YES;
				CLANG_WARN_OBJC_LITERAL_CONVERSION = YES;
				CLANG_WARN_OBJC_ROOT_CLASS = YES_ERROR;
				CLANG_WARN_QUOTED_INCLUDE_IN_FRAMEWORK_HEADER = YES;
				CLANG_WARN_RANGE_LOOP_ANALYSIS = YES;
				CLANG_WARN_STRICT_PROTOTYPES = YES;
				CLANG_WARN_SUSPICIOUS_MOVE = YES;
				CLANG_WARN_UNGUARDED_AVAILABILITY = YES_AGGRESSIVE;
				CLANG_WARN_UNREACHABLE_CODE = YES;
				CLANG_WARN__DUPLICATE_METHOD_MATCH = YES;
				COPY_PHASE_STRIP = NO;
				DEBUG_INFORMATION_FORMAT = dwarf;
				ENABLE_STRICT_OBJC_MSGSEND = YES;
				ENABLE_TESTABILITY = YES;
				GCC_C_LANGUAGE_STANDARD = gnu11;
				GCC_DYNAMIC_NO_PIC = NO;
				GCC_NO_COMMON_BLOCKS = YES;
				GCC_OPTIMIZATION_LEVEL = 0;
				GCC_PREPROCESSOR_DEFINITIONS = (
					"DEBUG=1",
					"$(inherited)",
				);
				GCC_WARN_64_TO_32_BIT_CONVERSION = YES;
				GCC_WARN_ABOUT_RETURN_TYPE = YES_ERROR;
				GCC_WARN_UNDECLARED_SELECTOR = YES;
				GCC_WARN_UNINITIALIZED_AUTOS = YES_AGGRESSIVE;
				GCC_WARN_UNUSED_FUNCTION = YES;
				GCC_WARN_UNUSED_VARIABLE = YES;
				IPHONEOS_DEPLOYMENT_TARGET = 16.4;
				MTL_ENABLE_DEBUG_INFO = INCLUDE_SOURCE;
				MTL_FAST_MATH = YES;
				ONLY_ACTIVE_ARCH = YES;
				SDKROOT = iphoneos;
				SWIFT_ACTIVE_COMPILATION_CONDITIONS = DEBUG;
				SWIFT_OPTIMIZATION_LEVEL = "-Onone";
			};
			name = Debug;
		};
		A0ABB8F42A6AD556007E8B31 /* Release */ = {
			isa = XCBuildConfiguration;
			buildSettings = {
				ALWAYS_SEARCH_USER_PATHS = NO;
				CLANG_ANALYZER_NONNULL = YES;
				CLANG_ANALYZER_NUMBER_OBJECT_CONVERSION = YES_AGGRESSIVE;
				CLANG_CXX_LANGUAGE_STANDARD = "gnu++20";
				CLANG_ENABLE_MODULES = YES;
				CLANG_ENABLE_OBJC_ARC = YES;
				CLANG_ENABLE_OBJC_WEAK = YES;
				CLANG_WARN_BLOCK_CAPTURE_AUTORELEASING = YES;
				CLANG_WARN_BOOL_CONVERSION = YES;
				CLANG_WARN_COMMA = YES;
				CLANG_WARN_CONSTANT_CONVERSION = YES;
				CLANG_WARN_DEPRECATED_OBJC_IMPLEMENTATIONS = YES;
				CLANG_WARN_DIRECT_OBJC_ISA_USAGE = YES_ERROR;
				CLANG_WARN_DOCUMENTATION_COMMENTS = YES;
				CLANG_WARN_EMPTY_BODY = YES;
				CLANG_WARN_ENUM_CONVERSION = YES;
				CLANG_WARN_INFINITE_RECURSION = YES;
				CLANG_WARN_INT_CONVERSION = YES;
				CLANG_WARN_NON_LITERAL_NULL_CONVERSION = YES;
				CLANG_WARN_OBJC_IMPLICIT_RETAIN_SELF = YES;
				CLANG_WARN_OBJC_LITERAL_CONVERSION = YES;
				CLANG_WARN_OBJC_ROOT_CLASS = YES_ERROR;
				CLANG_WARN_QUOTED_INCLUDE_IN_FRAMEWORK_HEADER = YES;
				CLANG_WARN_RANGE_LOOP_ANALYSIS = YES;
				CLANG_WARN_STRICT_PROTOTYPES = YES;
				CLANG_WARN_SUSPICIOUS_MOVE = YES;
				CLANG_WARN_UNGUARDED_AVAILABILITY = YES_AGGRESSIVE;
				CLANG_WARN_UNREACHABLE_CODE = YES;
				CLANG_WARN__DUPLICATE_METHOD_MATCH = YES;
				COPY_PHASE_STRIP = NO;
				DEBUG_INFORMATION_FORMAT = "dwarf-with-dsym";
				ENABLE_NS_ASSERTIONS = NO;
				ENABLE_STRICT_OBJC_MSGSEND = YES;
				GCC_C_LANGUAGE_STANDARD = gnu11;
				GCC_NO_COMMON_BLOCKS = YES;
				GCC_WARN_64_TO_32_BIT_CONVERSION = YES;
				GCC_WARN_ABOUT_RETURN_TYPE = YES_ERROR;
				GCC_WARN_UNDECLARED_SELECTOR = YES;
				GCC_WARN_UNINITIALIZED_AUTOS = YES_AGGRESSIVE;
				GCC_WARN_UNUSED_FUNCTION = YES;
				GCC_WARN_UNUSED_VARIABLE = YES;
				IPHONEOS_DEPLOYMENT_TARGET = 16.4;
				MTL_ENABLE_DEBUG_INFO = NO;
				MTL_FAST_MATH = YES;
				SDKROOT = iphoneos;
				SWIFT_COMPILATION_MODE = wholemodule;
				SWIFT_OPTIMIZATION_LEVEL = "-O";
				VALIDATE_PRODUCT = YES;
			};
			name = Release;
		};
		A0ABB8F62A6AD556007E8B31 /* Debug */ = {
			isa = XCBuildConfiguration;
			buildSettings = {
				ASSETCATALOG_COMPILER_APPICON_NAME = AppIcon;
				ASSETCATALOG_COMPILER_GLOBAL_ACCENT_COLOR_NAME = AccentColor;
				CODE_SIGN_STYLE = Automatic;
				CURRENT_PROJECT_VERSION = 1;
				DEVELOPMENT_ASSET_PATHS = "\"PostCards/Preview Content\"";
				ENABLE_PREVIEWS = YES;
				GENERATE_INFOPLIST_FILE = YES;
				INFOPLIST_KEY_UIApplicationSceneManifest_Generation = YES;
				INFOPLIST_KEY_UIApplicationSupportsIndirectInputEvents = YES;
				INFOPLIST_KEY_UILaunchScreen_Generation = YES;
				INFOPLIST_KEY_UISupportedInterfaceOrientations_iPad = "UIInterfaceOrientationPortrait UIInterfaceOrientationPortraitUpsideDown UIInterfaceOrientationLandscapeLeft UIInterfaceOrientationLandscapeRight";
				INFOPLIST_KEY_UISupportedInterfaceOrientations_iPhone = "UIInterfaceOrientationPortrait UIInterfaceOrientationLandscapeLeft UIInterfaceOrientationLandscapeRight";
				LD_RUNPATH_SEARCH_PATHS = (
					"$(inherited)",
					"@executable_path/Frameworks",
				);
				MARKETING_VERSION = 1.0;
				PRODUCT_BUNDLE_IDENTIFIER = com.surbhigoel.PostCards;
				PRODUCT_NAME = "$(TARGET_NAME)";
				SWIFT_EMIT_LOC_STRINGS = YES;
				SWIFT_VERSION = 5.0;
				TARGETED_DEVICE_FAMILY = "1,2";
			};
			name = Debug;
		};
		A0ABB8F72A6AD556007E8B31 /* Release */ = {
			isa = XCBuildConfiguration;
			buildSettings = {
				ASSETCATALOG_COMPILER_APPICON_NAME = AppIcon;
				ASSETCATALOG_COMPILER_GLOBAL_ACCENT_COLOR_NAME = AccentColor;
				CODE_SIGN_STYLE = Automatic;
				CURRENT_PROJECT_VERSION = 1;
				DEVELOPMENT_ASSET_PATHS = "\"PostCards/Preview Content\"";
				ENABLE_PREVIEWS = YES;
				GENERATE_INFOPLIST_FILE = YES;
				INFOPLIST_KEY_UIApplicationSceneManifest_Generation = YES;
				INFOPLIST_KEY_UIApplicationSupportsIndirectInputEvents = YES;
				INFOPLIST_KEY_UILaunchScreen_Generation = YES;
				INFOPLIST_KEY_UISupportedInterfaceOrientations_iPad = "UIInterfaceOrientationPortrait UIInterfaceOrientationPortraitUpsideDown UIInterfaceOrientationLandscapeLeft UIInterfaceOrientationLandscapeRight";
				INFOPLIST_KEY_UISupportedInterfaceOrientations_iPhone = "UIInterfaceOrientationPortrait UIInterfaceOrientationLandscapeLeft UIInterfaceOrientationLandscapeRight";
				LD_RUNPATH_SEARCH_PATHS = (
					"$(inherited)",
					"@executable_path/Frameworks",
				);
				MARKETING_VERSION = 1.0;
				PRODUCT_BUNDLE_IDENTIFIER = com.surbhigoel.PostCards;
				PRODUCT_NAME = "$(TARGET_NAME)";
				SWIFT_EMIT_LOC_STRINGS = YES;
				SWIFT_VERSION = 5.0;
				TARGETED_DEVICE_FAMILY = "1,2";
			};
			name = Release;
		};
/* End XCBuildConfiguration section */

/* Begin XCConfigurationList section */
		A0ABB8E22A6AD553007E8B31 /* Build configuration list for PBXProject "PostCards" */ = {
			isa = XCConfigurationList;
			buildConfigurations = (
				A0ABB8F32A6AD556007E8B31 /* Debug */,
				A0ABB8F42A6AD556007E8B31 /* Release */,
			);
			defaultConfigurationIsVisible = 0;
			defaultConfigurationName = Release;
		};
		A0ABB8F52A6AD556007E8B31 /* Build configuration list for PBXNativeTarget "PostCards" */ = {
			isa = XCConfigurationList;
			buildConfigurations = (
				A0ABB8F62A6AD556007E8B31 /* Debug */,
				A0ABB8F72A6AD556007E8B31 /* Release */,
			);
			defaultConfigurationIsVisible = 0;
			defaultConfigurationName = Release;
		};
/* End XCConfigurationList section */
	};
	rootObject = A0ABB8DF2A6AD553007E8B31 /* Project object */;
}
